
Microsoft Visual Studio Solution File, Format Version 12.00
# Visual Studio 14
VisualStudioVersion = 14.0.25420.1
MinimumVisualStudioVersion = 10.0.40219.1
Project("{FAE04EC0-301F-11D3-BF4B-00C04F79EFBC}") = "QuantBet Developer Challenge", "QuantBet Developer Challenge.csproj", "{270F0DC0-FC76-43F1-A31A-BC5C5EEECCFB}"
EndProject
Global
	GlobalSection(SolutionConfigurationPlatforms) = preSolution
		Debug|Any CPU = Debug|Any CPU
		Release|Any CPU = Release|Any CPU
	EndGlobalSection
	GlobalSection(ProjectConfigurationPlatforms) = postSolution
		{270F0DC0-FC76-43F1-A31A-BC5C5EEECCFB}.Debug|Any CPU.ActiveCfg = Debug|Any CPU
		{270F0DC0-FC76-43F1-A31A-BC5C5EEECCFB}.Debug|Any CPU.Build.0 = Debug|Any CPU
		{270F0DC0-FC76-43F1-A31A-BC5C5EEECCFB}.Release|Any CPU.ActiveCfg = Release|Any CPU
		{270F0DC0-FC76-43F1-A31A-BC5C5EEECCFB}.Release|Any CPU.Build.0 = Release|Any CPU
	EndGlobalSection
	GlobalSection(SolutionProperties) = preSolution
		HideSolutionNode = FALSE
	EndGlobalSection
EndGlobal
