
Microsoft Visual Studio Solution File, Format Version 12.00
# Visual Studio 14
VisualStudioVersion = 14.0.25420.1
MinimumVisualStudioVersion = 10.0.40219.1
Project("{FAE04EC0-301F-11D3-BF4B-00C04F79EFBC}") = "QuantBank Developer Test", "QuantBank Developer Test\QuantBank Developer Test.csproj", "{40B2AFA8-B392-499B-B414-E8CBDC09EE5B}"
EndProject
Project("{FAE04EC0-301F-11D3-BF4B-00C04F79EFBC}") = "UnitTests", "UnitTests\UnitTests.csproj", "{E8AD83B9-BD99-4C06-9492-13240AEE66F0}"
EndProject
Global
	GlobalSection(SolutionConfigurationPlatforms) = preSolution
		Debug|Any CPU = Debug|Any CPU
		Release|Any CPU = Release|Any CPU
	EndGlobalSection
	GlobalSection(ProjectConfigurationPlatforms) = postSolution
		{40B2AFA8-B392-499B-B414-E8CBDC09EE5B}.Debug|Any CPU.ActiveCfg = Debug|Any CPU
		{40B2AFA8-B392-499B-B414-E8CBDC09EE5B}.Debug|Any CPU.Build.0 = Debug|Any CPU
		{40B2AFA8-B392-499B-B414-E8CBDC09EE5B}.Release|Any CPU.ActiveCfg = Release|Any CPU
		{40B2AFA8-B392-499B-B414-E8CBDC09EE5B}.Release|Any CPU.Build.0 = Release|Any CPU
		{E8AD83B9-BD99-4C06-9492-13240AEE66F0}.Debug|Any CPU.ActiveCfg = Debug|Any CPU
		{E8AD83B9-BD99-4C06-9492-13240AEE66F0}.Debug|Any CPU.Build.0 = Debug|Any CPU
		{E8AD83B9-BD99-4C06-9492-13240AEE66F0}.Release|Any CPU.ActiveCfg = Release|Any CPU
		{E8AD83B9-BD99-4C06-9492-13240AEE66F0}.Release|Any CPU.Build.0 = Release|Any CPU
	EndGlobalSection
	GlobalSection(SolutionProperties) = preSolution
		HideSolutionNode = FALSE
	EndGlobalSection
EndGlobal
